<Solution>
  <Folder Name="/Solution Items/">
    <File Path=".gitignore" />
  </Folder>
  <Project Path="Database_01/Database_01.csproj" Id="0124653e-1cf9-4511-8ce3-a4700ae4ea5f" />
  <Project Path="Database_02/Database_02.csproj" Id="9eecb6b5-3be4-49f9-a34d-c9664576ec73" />
  <Project Path="five.WebApi/five.WebApi.csproj" Id="cae9103f-750f-409e-8d4b-9dc111d467cc" />
  <Project Path="Four.WebApi/Four.WebApi.csproj" Id="01aa7cdd-4cb1-4b13-8f51-74707c310803" />
  <Project Path="One.ConsoleApp1/One.ConsoleApp1.csproj" Id="96df56d8-c1ae-41f8-a126-0d6869499ad2" />
  <Project Path="One.MVC/One.MVC.csproj" Id="d63f074b-730f-425c-8bbb-a4d13b8a2c7a" />
  <Project Path="One.WebApi/One.WebApi.csproj" />
  <Project Path="Three.ConsoleApp1/Three.ConsoleApp1.csproj" Id="ce88214b-61a1-4c64-be36-9bcb1d373258" />
  <Project Path="Three.WebApi/Three.WebApi.csproj" Id="d03a2d36-685a-4a32-8cc7-de978a7c6e6f" />
  <Project Path="Two.ConsoleApp1/Two.ConsoleApp1.csproj" Id="68a5c1d1-83bb-49b3-bf4f-a6712c875db6" />
  <Project Path="Two.MVC/Two.MVC.csproj" Id="807e3599-ae31-4a64-97c5-15c8f4dc69a7" />
  <Project Path="Two.WebApi/Two.WebApi.csproj" Id="f656fea6-5b14-4b8c-bfc2-16dc3a734956" />
</Solution>
